Microsoft Visual Studio Solution File, Format Version 12.00
# Visual Studio Version 17
VisualStudioVersion = 17.2.32616.157
MinimumVisualStudioVersion = 10.0.40219.1
Project("{9A19103F-16F7-4668-BE54-9A1E7A4F7556}") = "AlessioMassimo", "AlessioMassimo.csproj", "{A896668C-7081-A7EC-C7DC-AB7B0A98629E}"
EndProject
Global
	GlobalSection(SolutionConfigurationPlatforms) = preSolution
		Debug|Any CPU = Debug|Any CPU
		Release|Any CPU = Release|Any CPU
	EndGlobalSection
	GlobalSection(ProjectConfigurationPlatforms) = postSolution
		{A896668C-7081-A7EC-C7DC-AB7B0A98629E}.Debug|Any CPU.ActiveCfg = Debug|Any CPU
		{A896668C-7081-A7EC-C7DC-AB7B0A98629E}.Debug|Any CPU.Build.0 = Debug|Any CPU
		{A896668C-7081-A7EC-C7DC-AB7B0A98629E}.Release|Any CPU.ActiveCfg = Release|Any CPU
		{A896668C-7081-A7EC-C7DC-AB7B0A98629E}.Release|Any CPU.Build.0 = Release|Any CPU
	EndGlobalSection
	GlobalSection(SolutionProperties) = preSolution
		HideSolutionNode = FALSE
	EndGlobalSection
	GlobalSection(ExtensibilityGlobals) = postSolution
		SolutionGuid = {74B857C8-CAA9-40C0-823D-5C2F757104A6}
	EndGlobalSection
EndGlobal
